
Microsoft Visual Studio Solution File, Format Version 12.00
Project("{FAE04EC0-301F-11D3-BF4B-00C04F79EFBC}") = "ExpenseManager.DBModels", "ExpenseManager.DBModels\ExpenseManager.DBModels.csproj", "{0FB23569-C48C-41B8-A9E0-22F5AD1E299E}"
EndProject
Project("{FAE04EC0-301F-11D3-BF4B-00C04F79EFBC}") = "ExpenseManager.Common", "ExpenseManager.Common\ExpenseManager.Common.csproj", "{F3EF7F88-AF9C-49E0-BBAB-7E5777EA520F}"
EndProject
Project("{FAE04EC0-301F-11D3-BF4B-00C04F79EFBC}") = "ExpenseManager.Services", "ExpenseManager.Services\ExpenseManager.Services.csproj", "{30FA1939-F492-409E-BD09-2102E8231703}"
EndProject
Project("{FAE04EC0-301F-11D3-BF4B-00C04F79EFBC}") = "ExpenseManager", "ExpenseManager\ExpenseManager.csproj", "{A08FEE4E-1E2E-4E14-ADAD-1A5242C5E551}"
EndProject
Project("{FAE04EC0-301F-11D3-BF4B-00C04F79EFBC}") = "ExpenseManager.Storage", "ExpenseManager.Storage\ExpenseManager.Storage.csproj", "{9B3231D6-0A47-4644-AB2E-E2CB757F4D97}"
EndProject
Project("{FAE04EC0-301F-11D3-BF4B-00C04F79EFBC}") = "ExpenseManager.Repository", "ExpenseManager.Repository\ExpenseManager.Repository.csproj", "{6DB80D74-19C1-43FB-82E9-DB67939B5266}"
EndProject
Project("{FAE04EC0-301F-11D3-BF4B-00C04F79EFBC}") = "ExpenseManager.DTOModels", "ExpenseManager.DTOModels\ExpenseManager.DTOModels.csproj", "{1D807218-1F54-4A94-A52C-AB49547A4D6F}"
EndProject
Global
	GlobalSection(SolutionConfigurationPlatforms) = preSolution
		Debug|Any CPU = Debug|Any CPU
		Release|Any CPU = Release|Any CPU
	EndGlobalSection
	GlobalSection(ProjectConfigurationPlatforms) = postSolution
		{0FB23569-C48C-41B8-A9E0-22F5AD1E299E}.Debug|Any CPU.ActiveCfg = Debug|Any CPU
		{0FB23569-C48C-41B8-A9E0-22F5AD1E299E}.Debug|Any CPU.Build.0 = Debug|Any CPU
		{0FB23569-C48C-41B8-A9E0-22F5AD1E299E}.Release|Any CPU.ActiveCfg = Release|Any CPU
		{0FB23569-C48C-41B8-A9E0-22F5AD1E299E}.Release|Any CPU.Build.0 = Release|Any CPU
		{F3EF7F88-AF9C-49E0-BBAB-7E5777EA520F}.Debug|Any CPU.ActiveCfg = Debug|Any CPU
		{F3EF7F88-AF9C-49E0-BBAB-7E5777EA520F}.Debug|Any CPU.Build.0 = Debug|Any CPU
		{F3EF7F88-AF9C-49E0-BBAB-7E5777EA520F}.Release|Any CPU.ActiveCfg = Release|Any CPU
		{F3EF7F88-AF9C-49E0-BBAB-7E5777EA520F}.Release|Any CPU.Build.0 = Release|Any CPU
		{30FA1939-F492-409E-BD09-2102E8231703}.Debug|Any CPU.ActiveCfg = Debug|Any CPU
		{30FA1939-F492-409E-BD09-2102E8231703}.Debug|Any CPU.Build.0 = Debug|Any CPU
		{30FA1939-F492-409E-BD09-2102E8231703}.Release|Any CPU.ActiveCfg = Release|Any CPU
		{30FA1939-F492-409E-BD09-2102E8231703}.Release|Any CPU.Build.0 = Release|Any CPU
		{A08FEE4E-1E2E-4E14-ADAD-1A5242C5E551}.Debug|Any CPU.ActiveCfg = Debug|Any CPU
		{A08FEE4E-1E2E-4E14-ADAD-1A5242C5E551}.Debug|Any CPU.Build.0 = Debug|Any CPU
		{A08FEE4E-1E2E-4E14-ADAD-1A5242C5E551}.Release|Any CPU.ActiveCfg = Release|Any CPU
		{A08FEE4E-1E2E-4E14-ADAD-1A5242C5E551}.Release|Any CPU.Build.0 = Release|Any CPU
		{9B3231D6-0A47-4644-AB2E-E2CB757F4D97}.Debug|Any CPU.ActiveCfg = Debug|Any CPU
		{9B3231D6-0A47-4644-AB2E-E2CB757F4D97}.Debug|Any CPU.Build.0 = Debug|Any CPU
		{9B3231D6-0A47-4644-AB2E-E2CB757F4D97}.Release|Any CPU.ActiveCfg = Release|Any CPU
		{9B3231D6-0A47-4644-AB2E-E2CB757F4D97}.Release|Any CPU.Build.0 = Release|Any CPU
		{6DB80D74-19C1-43FB-82E9-DB67939B5266}.Debug|Any CPU.ActiveCfg = Debug|Any CPU
		{6DB80D74-19C1-43FB-82E9-DB67939B5266}.Debug|Any CPU.Build.0 = Debug|Any CPU
		{6DB80D74-19C1-43FB-82E9-DB67939B5266}.Release|Any CPU.ActiveCfg = Release|Any CPU
		{6DB80D74-19C1-43FB-82E9-DB67939B5266}.Release|Any CPU.Build.0 = Release|Any CPU
		{1D807218-1F54-4A94-A52C-AB49547A4D6F}.Debug|Any CPU.ActiveCfg = Debug|Any CPU
		{1D807218-1F54-4A94-A52C-AB49547A4D6F}.Debug|Any CPU.Build.0 = Debug|Any CPU
		{1D807218-1F54-4A94-A52C-AB49547A4D6F}.Release|Any CPU.ActiveCfg = Release|Any CPU
		{1D807218-1F54-4A94-A52C-AB49547A4D6F}.Release|Any CPU.Build.0 = Release|Any CPU
	EndGlobalSection
EndGlobal
